// !$*UTF8*$!
{
	archiveVersion = 1;
	classes = {
	};
	objectVersion = 50;
	objects = {

/* Begin PBXBuildFile section */
		46328E7704115FD8FE1F8B78 /* Pods_BankApp.framework in Frameworks */ = {isa = PBXBuildFile; fileRef = CA1F435A385BF25EE336BFD5 /* Pods_BankApp.framework */; };
		B8086A70226608060019191D /* BankAppTests.swift in Sources */ = {isa = PBXBuildFile; fileRef = B8086A6F226608060019191D /* BankAppTests.swift */; };
		B827AFB92260D89C003514B6 /* AppDelegate.swift in Sources */ = {isa = PBXBuildFile; fileRef = B827AFB82260D89C003514B6 /* AppDelegate.swift */; };
		B827AFBE2260D89C003514B6 /* Main.storyboard in Resources */ = {isa = PBXBuildFile; fileRef = B827AFBC2260D89C003514B6 /* Main.storyboard */; };
		B827AFC02260D89D003514B6 /* Assets.xcassets in Resources */ = {isa = PBXBuildFile; fileRef = B827AFBF2260D89D003514B6 /* Assets.xcassets */; };
		B827AFC32260D89D003514B6 /* LaunchScreen.storyboard in Resources */ = {isa = PBXBuildFile; fileRef = B827AFC12260D89D003514B6 /* LaunchScreen.storyboard */; };
		B827AFCF2260DA3D003514B6 /* String+Extensions.swift in Sources */ = {isa = PBXBuildFile; fileRef = B827AFCE2260DA3D003514B6 /* String+Extensions.swift */; };
		B827AFD82260DB05003514B6 /* LoginPresenter.swift in Sources */ = {isa = PBXBuildFile; fileRef = B827AFD22260DB05003514B6 /* LoginPresenter.swift */; };
		B827AFD92260DB05003514B6 /* LoginWorker.swift in Sources */ = {isa = PBXBuildFile; fileRef = B827AFD32260DB05003514B6 /* LoginWorker.swift */; };
		B827AFDA2260DB05003514B6 /* LoginRouter.swift in Sources */ = {isa = PBXBuildFile; fileRef = B827AFD42260DB05003514B6 /* LoginRouter.swift */; };
		B827AFDB2260DB05003514B6 /* LoginModels.swift in Sources */ = {isa = PBXBuildFile; fileRef = B827AFD52260DB05003514B6 /* LoginModels.swift */; };
		B827AFDC2260DB05003514B6 /* LoginViewController.swift in Sources */ = {isa = PBXBuildFile; fileRef = B827AFD62260DB05003514B6 /* LoginViewController.swift */; };
		B827AFDD2260DB05003514B6 /* LoginInteractor.swift in Sources */ = {isa = PBXBuildFile; fileRef = B827AFD72260DB05003514B6 /* LoginInteractor.swift */; };
		B827AFE42260DC31003514B6 /* ExtractPresenter.swift in Sources */ = {isa = PBXBuildFile; fileRef = B827AFDE2260DC31003514B6 /* ExtractPresenter.swift */; };
		B827AFE52260DC31003514B6 /* ExtractWorker.swift in Sources */ = {isa = PBXBuildFile; fileRef = B827AFDF2260DC31003514B6 /* ExtractWorker.swift */; };
		B827AFE62260DC31003514B6 /* ExtractRouter.swift in Sources */ = {isa = PBXBuildFile; fileRef = B827AFE02260DC31003514B6 /* ExtractRouter.swift */; };
		B827AFE72260DC31003514B6 /* ExtractModels.swift in Sources */ = {isa = PBXBuildFile; fileRef = B827AFE12260DC31003514B6 /* ExtractModels.swift */; };
		B827AFE82260DC31003514B6 /* ExtractViewController.swift in Sources */ = {isa = PBXBuildFile; fileRef = B827AFE22260DC31003514B6 /* ExtractViewController.swift */; };
		B827AFE92260DC31003514B6 /* ExtractInteractor.swift in Sources */ = {isa = PBXBuildFile; fileRef = B827AFE32260DC31003514B6 /* ExtractInteractor.swift */; };
		B8DEE87C2262C3A400D72EBC /* Double+Extensions.swift in Sources */ = {isa = PBXBuildFile; fileRef = B8DEE87B2262C3A400D72EBC /* Double+Extensions.swift */; };
		B8E42A662263AFEA008B9A74 /* ExtractTableViewCell.swift in Sources */ = {isa = PBXBuildFile; fileRef = B8E42A652263AFEA008B9A74 /* ExtractTableViewCell.swift */; };
		B8E42A692263B9B1008B9A74 /* ExtractTableViewCell.xib in Resources */ = {isa = PBXBuildFile; fileRef = B8E42A682263B9B1008B9A74 /* ExtractTableViewCell.xib */; };
/* End PBXBuildFile section */

/* Begin PBXContainerItemProxy section */
		B8086A72226608060019191D /* PBXContainerItemProxy */ = {
			isa = PBXContainerItemProxy;
			containerPortal = B827AFAD2260D89C003514B6 /* Project object */;
			proxyType = 1;
			remoteGlobalIDString = B827AFB42260D89C003514B6;
			remoteInfo = BankApp;
		};
/* End PBXContainerItemProxy section */

/* Begin PBXFileReference section */
		B8086A6D226608060019191D /* BankAppTests.xctest */ = {isa = PBXFileReference; explicitFileType = wrapper.cfbundle; includeInIndex = 0; path = BankAppTests.xctest; sourceTree = BUILT_PRODUCTS_DIR; };
		B8086A6F226608060019191D /* BankAppTests.swift */ = {isa = PBXFileReference; lastKnownFileType = sourcecode.swift; path = BankAppTests.swift; sourceTree = "<group>"; };
		B8086A71226608060019191D /* Info.plist */ = {isa = PBXFileReference; lastKnownFileType = text.plist.xml; path = Info.plist; sourceTree = "<group>"; };
		B827AFB52260D89C003514B6 /* BankApp.app */ = {isa = PBXFileReference; explicitFileType = wrapper.application; includeInIndex = 0; path = BankApp.app; sourceTree = BUILT_PRODUCTS_DIR; };
		B827AFB82260D89C003514B6 /* AppDelegate.swift */ = {isa = PBXFileReference; lastKnownFileType = sourcecode.swift; path = AppDelegate.swift; sourceTree = "<group>"; };
		B827AFBD2260D89C003514B6 /* Base */ = {isa = PBXFileReference; lastKnownFileType = file.storyboard; name = Base; path = Base.lproj/Main.storyboard; sourceTree = "<group>"; };
		B827AFBF2260D89D003514B6 /* Assets.xcassets */ = {isa = PBXFileReference; lastKnownFileType = folder.assetcatalog; path = Assets.xcassets; sourceTree = "<group>"; };
		B827AFC22260D89D003514B6 /* Base */ = {isa = PBXFileReference; lastKnownFileType = file.storyboard; name = Base; path = Base.lproj/LaunchScreen.storyboard; sourceTree = "<group>"; };
		B827AFC42260D89D003514B6 /* Info.plist */ = {isa = PBXFileReference; lastKnownFileType = text.plist.xml; path = Info.plist; sourceTree = "<group>"; };
		B827AFCE2260DA3D003514B6 /* String+Extensions.swift */ = {isa = PBXFileReference; lastKnownFileType = sourcecode.swift; path = "String+Extensions.swift"; sourceTree = "<group>"; };
		B827AFD22260DB05003514B6 /* LoginPresenter.swift */ = {isa = PBXFileReference; lastKnownFileType = sourcecode.swift; path = LoginPresenter.swift; sourceTree = "<group>"; };
		B827AFD32260DB05003514B6 /* LoginWorker.swift */ = {isa = PBXFileReference; lastKnownFileType = sourcecode.swift; path = LoginWorker.swift; sourceTree = "<group>"; };
		B827AFD42260DB05003514B6 /* LoginRouter.swift */ = {isa = PBXFileReference; lastKnownFileType = sourcecode.swift; path = LoginRouter.swift; sourceTree = "<group>"; };
		B827AFD52260DB05003514B6 /* LoginModels.swift */ = {isa = PBXFileReference; lastKnownFileType = sourcecode.swift; path = LoginModels.swift; sourceTree = "<group>"; };
		B827AFD62260DB05003514B6 /* LoginViewController.swift */ = {isa = PBXFileReference; lastKnownFileType = sourcecode.swift; path = LoginViewController.swift; sourceTree = "<group>"; };
		B827AFD72260DB05003514B6 /* LoginInteractor.swift */ = {isa = PBXFileReference; lastKnownFileType = sourcecode.swift; path = LoginInteractor.swift; sourceTree = "<group>"; };
		B827AFDE2260DC31003514B6 /* ExtractPresenter.swift */ = {isa = PBXFileReference; lastKnownFileType = sourcecode.swift; path = ExtractPresenter.swift; sourceTree = "<group>"; };
		B827AFDF2260DC31003514B6 /* ExtractWorker.swift */ = {isa = PBXFileReference; lastKnownFileType = sourcecode.swift; path = ExtractWorker.swift; sourceTree = "<group>"; };
		B827AFE02260DC31003514B6 /* ExtractRouter.swift */ = {isa = PBXFileReference; lastKnownFileType = sourcecode.swift; path = ExtractRouter.swift; sourceTree = "<group>"; };
		B827AFE12260DC31003514B6 /* ExtractModels.swift */ = {isa = PBXFileReference; lastKnownFileType = sourcecode.swift; path = ExtractModels.swift; sourceTree = "<group>"; };
		B827AFE22260DC31003514B6 /* ExtractViewController.swift */ = {isa = PBXFileReference; lastKnownFileType = sourcecode.swift; path = ExtractViewController.swift; sourceTree = "<group>"; };
		B827AFE32260DC31003514B6 /* ExtractInteractor.swift */ = {isa = PBXFileReference; lastKnownFileType = sourcecode.swift; path = ExtractInteractor.swift; sourceTree = "<group>"; };
		B8DEE87B2262C3A400D72EBC /* Double+Extensions.swift */ = {isa = PBXFileReference; lastKnownFileType = sourcecode.swift; path = "Double+Extensions.swift"; sourceTree = "<group>"; };
		B8E42A652263AFEA008B9A74 /* ExtractTableViewCell.swift */ = {isa = PBXFileReference; lastKnownFileType = sourcecode.swift; path = ExtractTableViewCell.swift; sourceTree = "<group>"; };
		B8E42A682263B9B1008B9A74 /* ExtractTableViewCell.xib */ = {isa = PBXFileReference; lastKnownFileType = file.xib; path = ExtractTableViewCell.xib; sourceTree = "<group>"; };
		CA1F435A385BF25EE336BFD5 /* Pods_BankApp.framework */ = {isa = PBXFileReference; explicitFileType = wrapper.framework; includeInIndex = 0; path = Pods_BankApp.framework; sourceTree = BUILT_PRODUCTS_DIR; };
		D7423A65FCF806E614F6BC4A /* Pods-BankApp.debug.xcconfig */ = {isa = PBXFileReference; includeInIndex = 1; lastKnownFileType = text.xcconfig; name = "Pods-BankApp.debug.xcconfig"; path = "Target Support Files/Pods-BankApp/Pods-BankApp.debug.xcconfig"; sourceTree = "<group>"; };
		D977040F290175D2A5745AD1 /* Pods-BankApp.release.xcconfig */ = {isa = PBXFileReference; includeInIndex = 1; lastKnownFileType = text.xcconfig; name = "Pods-BankApp.release.xcconfig"; path = "Target Support Files/Pods-BankApp/Pods-BankApp.release.xcconfig"; sourceTree = "<group>"; };
/* End PBXFileReference section */

/* Begin PBXFrameworksBuildPhase section */
		B8086A6A226608060019191D /* Frameworks */ = {
			isa = PBXFrameworksBuildPhase;
			buildActionMask = 2147483647;
			files = (
			);
			runOnlyForDeploymentPostprocessing = 0;
		};
		B827AFB22260D89C003514B6 /* Frameworks */ = {
			isa = PBXFrameworksBuildPhase;
			buildActionMask = 2147483647;
			files = (
				46328E7704115FD8FE1F8B78 /* Pods_BankApp.framework in Frameworks */,
			);
			runOnlyForDeploymentPostprocessing = 0;
		};
/* End PBXFrameworksBuildPhase section */

/* Begin PBXGroup section */
		30807040F4E1DAA1D9BC943F /* Frameworks */ = {
			isa = PBXGroup;
			children = (
				CA1F435A385BF25EE336BFD5 /* Pods_BankApp.framework */,
			);
			name = Frameworks;
			sourceTree = "<group>";
		};
		B8086A6E226608060019191D /* BankAppTests */ = {
			isa = PBXGroup;
			children = (
				B8086A6F226608060019191D /* BankAppTests.swift */,
				B8086A71226608060019191D /* Info.plist */,
			);
			path = BankAppTests;
			sourceTree = "<group>";
		};
		B827AFAC2260D89C003514B6 = {
			isa = PBXGroup;
			children = (
				B827AFB72260D89C003514B6 /* BankApp */,
				B8086A6E226608060019191D /* BankAppTests */,
				B827AFB62260D89C003514B6 /* Products */,
				F1D7AD02C44ED314F334DBD0 /* Pods */,
				30807040F4E1DAA1D9BC943F /* Frameworks */,
			);
			sourceTree = "<group>";
		};
		B827AFB62260D89C003514B6 /* Products */ = {
			isa = PBXGroup;
			children = (
				B827AFB52260D89C003514B6 /* BankApp.app */,
				B8086A6D226608060019191D /* BankAppTests.xctest */,
			);
			name = Products;
			sourceTree = "<group>";
		};
		B827AFB72260D89C003514B6 /* BankApp */ = {
			isa = PBXGroup;
			children = (
				B827AFCC2260D965003514B6 /* Extensions */,
				B827AFCB2260D95D003514B6 /* Scenes */,
				B827AFCD2260D978003514B6 /* Views */,
				B827AFB82260D89C003514B6 /* AppDelegate.swift */,
				B827AFBF2260D89D003514B6 /* Assets.xcassets */,
				B827AFC42260D89D003514B6 /* Info.plist */,
			);
			path = BankApp;
			sourceTree = "<group>";
		};
		B827AFCB2260D95D003514B6 /* Scenes */ = {
			isa = PBXGroup;
			children = (
				B827AFD02260DAC4003514B6 /* Login */,
				B827AFD12260DACA003514B6 /* Extract */,
			);
			path = Scenes;
			sourceTree = "<group>";
		};
		B827AFCC2260D965003514B6 /* Extensions */ = {
			isa = PBXGroup;
			children = (
				B827AFCE2260DA3D003514B6 /* String+Extensions.swift */,
				B8DEE87B2262C3A400D72EBC /* Double+Extensions.swift */,
			);
			path = Extensions;
			sourceTree = "<group>";
		};
		B827AFCD2260D978003514B6 /* Views */ = {
			isa = PBXGroup;
			children = (
				B827AFBC2260D89C003514B6 /* Main.storyboard */,
				B827AFC12260D89D003514B6 /* LaunchScreen.storyboard */,
			);
			path = Views;
			sourceTree = "<group>";
		};
		B827AFD02260DAC4003514B6 /* Login */ = {
			isa = PBXGroup;
			children = (
				B827AFD22260DB05003514B6 /* LoginPresenter.swift */,
				B827AFD32260DB05003514B6 /* LoginWorker.swift */,
				B827AFD42260DB05003514B6 /* LoginRouter.swift */,
				B827AFD52260DB05003514B6 /* LoginModels.swift */,
				B827AFD62260DB05003514B6 /* LoginViewController.swift */,
				B827AFD72260DB05003514B6 /* LoginInteractor.swift */,
			);
			path = Login;
			sourceTree = "<group>";
		};
		B827AFD12260DACA003514B6 /* Extract */ = {
			isa = PBXGroup;
			children = (
				B8E42A672263AFF1008B9A74 /* ViewCell */,
				B827AFDE2260DC31003514B6 /* ExtractPresenter.swift */,
				B827AFDF2260DC31003514B6 /* ExtractWorker.swift */,
				B827AFE02260DC31003514B6 /* ExtractRouter.swift */,
				B827AFE12260DC31003514B6 /* ExtractModels.swift */,
				B827AFE22260DC31003514B6 /* ExtractViewController.swift */,
				B827AFE32260DC31003514B6 /* ExtractInteractor.swift */,
			);
			path = Extract;
			sourceTree = "<group>";
		};
		B8E42A672263AFF1008B9A74 /* ViewCell */ = {
			isa = PBXGroup;
			children = (
				B8E42A652263AFEA008B9A74 /* ExtractTableViewCell.swift */,
				B8E42A682263B9B1008B9A74 /* ExtractTableViewCell.xib */,
			);
			path = ViewCell;
			sourceTree = "<group>";
		};
		F1D7AD02C44ED314F334DBD0 /* Pods */ = {
			isa = PBXGroup;
			children = (
				D7423A65FCF806E614F6BC4A /* Pods-BankApp.debug.xcconfig */,
				D977040F290175D2A5745AD1 /* Pods-BankApp.release.xcconfig */,
			);
			path = Pods;
			sourceTree = "<group>";
		};
/* End PBXGroup section */

/* Begin PBXNativeTarget section */
		B8086A6C226608060019191D /* BankAppTests */ = {
			isa = PBXNativeTarget;
			buildConfigurationList = B8086A76226608060019191D /* Build configuration list for PBXNativeTarget "BankAppTests" */;
			buildPhases = (
				B8086A69226608060019191D /* Sources */,
				B8086A6A226608060019191D /* Frameworks */,
				B8086A6B226608060019191D /* Resources */,
			);
			buildRules = (
			);
			dependencies = (
				B8086A73226608060019191D /* PBXTargetDependency */,
			);
			name = BankAppTests;
			productName = BankAppTests;
			productReference = B8086A6D226608060019191D /* BankAppTests.xctest */;
			productType = "com.apple.product-type.bundle.unit-test";
		};
		B827AFB42260D89C003514B6 /* BankApp */ = {
			isa = PBXNativeTarget;
			buildConfigurationList = B827AFC72260D89D003514B6 /* Build configuration list for PBXNativeTarget "BankApp" */;
			buildPhases = (
				3180C1E64708E92E015740A9 /* [CP] Check Pods Manifest.lock */,
				B827AFB12260D89C003514B6 /* Sources */,
				B827AFB22260D89C003514B6 /* Frameworks */,
				B827AFB32260D89C003514B6 /* Resources */,
				8B74502B41E68261E4160B98 /* [CP] Embed Pods Frameworks */,
			);
			buildRules = (
			);
			dependencies = (
			);
			name = BankApp;
			productName = BankApp;
			productReference = B827AFB52260D89C003514B6 /* BankApp.app */;
			productType = "com.apple.product-type.application";
		};
/* End PBXNativeTarget section */

/* Begin PBXProject section */
		B827AFAD2260D89C003514B6 /* Project object */ = {
			isa = PBXProject;
			attributes = {
				LastSwiftUpdateCheck = 1020;
				LastUpgradeCheck = 1020;
				ORGANIZATIONNAME = "Gabriel Henrique Santos Pereira";
				TargetAttributes = {
					B8086A6C226608060019191D = {
						CreatedOnToolsVersion = 10.2;
						TestTargetID = B827AFB42260D89C003514B6;
					};
					B827AFB42260D89C003514B6 = {
						CreatedOnToolsVersion = 10.2;
					};
				};
			};
			buildConfigurationList = B827AFB02260D89C003514B6 /* Build configuration list for PBXProject "BankApp" */;
			compatibilityVersion = "Xcode 9.3";
			developmentRegion = en;
			hasScannedForEncodings = 0;
			knownRegions = (
				en,
				Base,
			);
			mainGroup = B827AFAC2260D89C003514B6;
			productRefGroup = B827AFB62260D89C003514B6 /* Products */;
			projectDirPath = "";
			projectRoot = "";
			targets = (
				B827AFB42260D89C003514B6 /* BankApp */,
				B8086A6C226608060019191D /* BankAppTests */,
			);
		};
/* End PBXProject section */

/* Begin PBXResourcesBuildPhase section */
		B8086A6B226608060019191D /* Resources */ = {
			isa = PBXResourcesBuildPhase;
			buildActionMask = 2147483647;
			files = (
			);
			runOnlyForDeploymentPostprocessing = 0;
		};
		B827AFB32260D89C003514B6 /* Resources */ = {
			isa = PBXResourcesBuildPhase;
			buildActionMask = 2147483647;
			files = (
				B827AFC32260D89D003514B6 /* LaunchScreen.storyboard in Resources */,
				B827AFC02260D89D003514B6 /* Assets.xcassets in Resources */,
				B827AFBE2260D89C003514B6 /* Main.storyboard in Resources */,
				B8E42A692263B9B1008B9A74 /* ExtractTableViewCell.xib in Resources */,
			);
			runOnlyForDeploymentPostprocessing = 0;
		};
/* End PBXResourcesBuildPhase section */

/* Begin PBXShellScriptBuildPhase section */
		3180C1E64708E92E015740A9 /* [CP] Check Pods Manifest.lock */ = {
			isa = PBXShellScriptBuildPhase;
			buildActionMask = 2147483647;
			files = (
			);
			inputFileListPaths = (
			);
			inputPaths = (
				"${PODS_PODFILE_DIR_PATH}/Podfile.lock",
				"${PODS_ROOT}/Manifest.lock",
			);
			name = "[CP] Check Pods Manifest.lock";
			outputFileListPaths = (
			);
			outputPaths = (
				"$(DERIVED_FILE_DIR)/Pods-BankApp-checkManifestLockResult.txt",
			);
			runOnlyForDeploymentPostprocessing = 0;
			shellPath = /bin/sh;
			shellScript = "diff \"${PODS_PODFILE_DIR_PATH}/Podfile.lock\" \"${PODS_ROOT}/Manifest.lock\" > /dev/null\nif [ $? != 0 ] ; then\n    # print error to STDERR\n    echo \"error: The sandbox is not in sync with the Podfile.lock. Run 'pod install' or update your CocoaPods installation.\" >&2\n    exit 1\nfi\n# This output is used by Xcode 'outputs' to avoid re-running this script phase.\necho \"SUCCESS\" > \"${SCRIPT_OUTPUT_FILE_0}\"\n";
			showEnvVarsInLog = 0;
		};
		8B74502B41E68261E4160B98 /* [CP] Embed Pods Frameworks */ = {
			isa = PBXShellScriptBuildPhase;
			buildActionMask = 2147483647;
			files = (
			);
			inputFileListPaths = (
			);
			inputPaths = (
				"${PODS_ROOT}/Target Support Files/Pods-BankApp/Pods-BankApp-frameworks.sh",
				"${BUILT_PRODUCTS_DIR}/Alamofire/Alamofire.framework",
			);
			name = "[CP] Embed Pods Frameworks";
			outputFileListPaths = (
			);
			outputPaths = (
				"${TARGET_BUILD_DIR}/${FRAMEWORKS_FOLDER_PATH}/Alamofire.framework",
			);
			runOnlyForDeploymentPostprocessing = 0;
			shellPath = /bin/sh;
			shellScript = "\"${PODS_ROOT}/Target Support Files/Pods-BankApp/Pods-BankApp-frameworks.sh\"\n";
			showEnvVarsInLog = 0;
		};
/* End PBXShellScriptBuildPhase section */

/* Begin PBXSourcesBuildPhase section */
		B8086A69226608060019191D /* Sources */ = {
			isa = PBXSourcesBuildPhase;
			buildActionMask = 2147483647;
			files = (
				B8086A70226608060019191D /* BankAppTests.swift in Sources */,
			);
			runOnlyForDeploymentPostprocessing = 0;
		};
		B827AFB12260D89C003514B6 /* Sources */ = {
			isa = PBXSourcesBuildPhase;
			buildActionMask = 2147483647;
			files = (
				B827AFDC2260DB05003514B6 /* LoginViewController.swift in Sources */,
				B827AFE72260DC31003514B6 /* ExtractModels.swift in Sources */,
				B827AFD82260DB05003514B6 /* LoginPresenter.swift in Sources */,
				B8E42A662263AFEA008B9A74 /* ExtractTableViewCell.swift in Sources */,
				B827AFCF2260DA3D003514B6 /* String+Extensions.swift in Sources */,
				B827AFE92260DC31003514B6 /* ExtractInteractor.swift in Sources */,
				B827AFE82260DC31003514B6 /* ExtractViewController.swift in Sources */,
				B827AFB92260D89C003514B6 /* AppDelegate.swift in Sources */,
				B827AFDD2260DB05003514B6 /* LoginInteractor.swift in Sources */,
				B827AFE42260DC31003514B6 /* ExtractPresenter.swift in Sources */,
				B8DEE87C2262C3A400D72EBC /* Double+Extensions.swift in Sources */,
				B827AFDB2260DB05003514B6 /* LoginModels.swift in Sources */,
				B827AFE62260DC31003514B6 /* ExtractRouter.swift in Sources */,
				B827AFE52260DC31003514B6 /* ExtractWorker.swift in Sources */,
				B827AFDA2260DB05003514B6 /* LoginRouter.swift in Sources */,
				B827AFD92260DB05003514B6 /* LoginWorker.swift in Sources */,
			);
			runOnlyForDeploymentPostprocessing = 0;
		};
/* End PBXSourcesBuildPhase section */

/* Begin PBXTargetDependency section */
		B8086A73226608060019191D /* PBXTargetDependency */ = {
			isa = PBXTargetDependency;
			target = B827AFB42260D89C003514B6 /* BankApp */;
			targetProxy = B8086A72226608060019191D /* PBXContainerItemProxy */;
		};
/* End PBXTargetDependency section */

/* Begin PBXVariantGroup section */
		B827AFBC2260D89C003514B6 /* Main.storyboard */ = {
			isa = PBXVariantGroup;
			children = (
				B827AFBD2260D89C003514B6 /* Base */,
			);
			name = Main.storyboard;
			sourceTree = "<group>";
		};
		B827AFC12260D89D003514B6 /* LaunchScreen.storyboard */ = {
			isa = PBXVariantGroup;
			children = (
				B827AFC22260D89D003514B6 /* Base */,
			);
			name = LaunchScreen.storyboard;
			sourceTree = "<group>";
		};
/* End PBXVariantGroup section */

/* Begin XCBuildConfiguration section */
		B8086A74226608060019191D /* Debug */ = {
			isa = XCBuildConfiguration;
			buildSettings = {
				BUNDLE_LOADER = "$(TEST_HOST)";
				CODE_SIGN_STYLE = Automatic;
				INFOPLIST_FILE = BankAppTests/Info.plist;
				LD_RUNPATH_SEARCH_PATHS = (
					"$(inherited)",
					"@executable_path/Frameworks",
					"@loader_path/Frameworks",
				);
				PRODUCT_BUNDLE_IDENTIFIER = com.everis.BankAppTests;
				PRODUCT_NAME = "$(TARGET_NAME)";
				SWIFT_VERSION = 5.0;
				TARGETED_DEVICE_FAMILY = "1,2";
				TEST_HOST = "$(BUILT_PRODUCTS_DIR)/BankApp.app/BankApp";
			};
			name = Debug;
		};
		B8086A75226608060019191D /* Release */ = {
			isa = XCBuildConfiguration;
			buildSettings = {
				BUNDLE_LOADER = "$(TEST_HOST)";
				CODE_SIGN_STYLE = Automatic;
				INFOPLIST_FILE = BankAppTests/Info.plist;
				LD_RUNPATH_SEARCH_PATHS = (
					"$(inherited)",
					"@executable_path/Frameworks",
					"@loader_path/Frameworks",
				);
				PRODUCT_BUNDLE_IDENTIFIER = com.everis.BankAppTests;
				PRODUCT_NAME = "$(TARGET_NAME)";
				SWIFT_VERSION = 5.0;
				TARGETED_DEVICE_FAMILY = "1,2";
				TEST_HOST = "$(BUILT_PRODUCTS_DIR)/BankApp.app/BankApp";
			};
			name = Release;
		};
		B827AFC52260D89D003514B6 /* Debug */ = {
			isa = XCBuildConfiguration;
			buildSettings = {
				ALWAYS_SEARCH_USER_PATHS = NO;
				CLANG_ANALYZER_NONNULL = YES;
				CLANG_ANALYZER_NUMBER_OBJECT_CONVERSION = YES_AGGRESSIVE;
				CLANG_CXX_LANGUAGE_STANDARD = "gnu++14";
				CLANG_CXX_LIBRARY = "libc++";
				CLANG_ENABLE_MODULES = YES;
				CLANG_ENABLE_OBJC_ARC = YES;
				CLANG_ENABLE_OBJC_WEAK = YES;
				CLANG_WARN_BLOCK_CAPTURE_AUTORELEASING = YES;
				CLANG_WARN_BOOL_CONVERSION = YES;
				CLANG_WARN_COMMA = YES;
				CLANG_WARN_CONSTANT_CONVERSION = YES;
				CLANG_WARN_DEPRECATED_OBJC_IMPLEMENTATIONS = YES;
				CLANG_WARN_DIRECT_OBJC_ISA_USAGE = YES_ERROR;
				CLANG_WARN_DOCUMENTATION_COMMENTS = YES;
				CLANG_WARN_EMPTY_BODY = YES;
				CLANG_WARN_ENUM_CONVERSION = YES;
				CLANG_WARN_INFINITE_RECURSION = YES;
				CLANG_WARN_INT_CONVERSION = YES;
				CLANG_WARN_NON_LITERAL_NULL_CONVERSION = YES;
				CLANG_WARN_OBJC_IMPLICIT_RETAIN_SELF = YES;
				CLANG_WARN_OBJC_LITERAL_CONVERSION = YES;
				CLANG_WARN_OBJC_ROOT_CLASS = YES_ERROR;
				CLANG_WARN_RANGE_LOOP_ANALYSIS = YES;
				CLANG_WARN_STRICT_PROTOTYPES = YES;
				CLANG_WARN_SUSPICIOUS_MOVE = YES;
				CLANG_WARN_UNGUARDED_AVAILABILITY = YES_AGGRESSIVE;
				CLANG_WARN_UNREACHABLE_CODE = YES;
				CLANG_WARN__DUPLICATE_METHOD_MATCH = YES;
				CODE_SIGN_IDENTITY = "iPhone Developer";
				COPY_PHASE_STRIP = NO;
				DEBUG_INFORMATION_FORMAT = dwarf;
				ENABLE_STRICT_OBJC_MSGSEND = YES;
				ENABLE_TESTABILITY = YES;
				GCC_C_LANGUAGE_STANDARD = gnu11;
				GCC_DYNAMIC_NO_PIC = NO;
				GCC_NO_COMMON_BLOCKS = YES;
				GCC_OPTIMIZATION_LEVEL = 0;
				GCC_PREPROCESSOR_DEFINITIONS = (
					"DEBUG=1",
					"$(inherited)",
				);
				GCC_WARN_64_TO_32_BIT_CONVERSION = YES;
				GCC_WARN_ABOUT_RETURN_TYPE = YES_ERROR;
				GCC_WARN_UNDECLARED_SELECTOR = YES;
				GCC_WARN_UNINITIALIZED_AUTOS = YES_AGGRESSIVE;
				GCC_WARN_UNUSED_FUNCTION = YES;
				GCC_WARN_UNUSED_VARIABLE = YES;
				IPHONEOS_DEPLOYMENT_TARGET = 12.2;
				MTL_ENABLE_DEBUG_INFO = INCLUDE_SOURCE;
				MTL_FAST_MATH = YES;
				ONLY_ACTIVE_ARCH = YES;
				SDKROOT = iphoneos;
				SWIFT_ACTIVE_COMPILATION_CONDITIONS = DEBUG;
				SWIFT_OPTIMIZATION_LEVEL = "-Onone";
			};
			name = Debug;
		};
		B827AFC62260D89D003514B6 /* Release */ = {
			isa = XCBuildConfiguration;
			buildSettings = {
				ALWAYS_SEARCH_USER_PATHS = NO;
				CLANG_ANALYZER_NONNULL = YES;
				CLANG_ANALYZER_NUMBER_OBJECT_CONVERSION = YES_AGGRESSIVE;
				CLANG_CXX_LANGUAGE_STANDARD = "gnu++14";
				CLANG_CXX_LIBRARY = "libc++";
				CLANG_ENABLE_MODULES = YES;
				CLANG_ENABLE_OBJC_ARC = YES;
				CLANG_ENABLE_OBJC_WEAK = YES;
				CLANG_WARN_BLOCK_CAPTURE_AUTORELEASING = YES;
				CLANG_WARN_BOOL_CONVERSION = YES;
				CLANG_WARN_COMMA = YES;
				CLANG_WARN_CONSTANT_CONVERSION = YES;
				CLANG_WARN_DEPRECATED_OBJC_IMPLEMENTATIONS = YES;
				CLANG_WARN_DIRECT_OBJC_ISA_USAGE = YES_ERROR;
				CLANG_WARN_DOCUMENTATION_COMMENTS = YES;
				CLANG_WARN_EMPTY_BODY = YES;
				CLANG_WARN_ENUM_CONVERSION = YES;
				CLANG_WARN_INFINITE_RECURSION = YES;
				CLANG_WARN_INT_CONVERSION = YES;
				CLANG_WARN_NON_LITERAL_NULL_CONVERSION = YES;
				CLANG_WARN_OBJC_IMPLICIT_RETAIN_SELF = YES;
				CLANG_WARN_OBJC_LITERAL_CONVERSION = YES;
				CLANG_WARN_OBJC_ROOT_CLASS = YES_ERROR;
				CLANG_WARN_RANGE_LOOP_ANALYSIS = YES;
				CLANG_WARN_STRICT_PROTOTYPES = YES;
				CLANG_WARN_SUSPICIOUS_MOVE = YES;
				CLANG_WARN_UNGUARDED_AVAILABILITY = YES_AGGRESSIVE;
				CLANG_WARN_UNREACHABLE_CODE = YES;
				CLANG_WARN__DUPLICATE_METHOD_MATCH = YES;
				CODE_SIGN_IDENTITY = "iPhone Developer";
				COPY_PHASE_STRIP = NO;
				DEBUG_INFORMATION_FORMAT = "dwarf-with-dsym";
				ENABLE_NS_ASSERTIONS = NO;
				ENABLE_STRICT_OBJC_MSGSEND = YES;
				GCC_C_LANGUAGE_STANDARD = gnu11;
				GCC_NO_COMMON_BLOCKS = YES;
				GCC_WARN_64_TO_32_BIT_CONVERSION = YES;
				GCC_WARN_ABOUT_RETURN_TYPE = YES_ERROR;
				GCC_WARN_UNDECLARED_SELECTOR = YES;
				GCC_WARN_UNINITIALIZED_AUTOS = YES_AGGRESSIVE;
				GCC_WARN_UNUSED_FUNCTION = YES;
				GCC_WARN_UNUSED_VARIABLE = YES;
				IPHONEOS_DEPLOYMENT_TARGET = 12.2;
				MTL_ENABLE_DEBUG_INFO = NO;
				MTL_FAST_MATH = YES;
				SDKROOT = iphoneos;
				SWIFT_COMPILATION_MODE = wholemodule;
				SWIFT_OPTIMIZATION_LEVEL = "-O";
				VALIDATE_PRODUCT = YES;
			};
			name = Release;
		};
		B827AFC82260D89D003514B6 /* Debug */ = {
			isa = XCBuildConfiguration;
			baseConfigurationReference = D7423A65FCF806E614F6BC4A /* Pods-BankApp.debug.xcconfig */;
			buildSettings = {
				ASSETCATALOG_COMPILER_APPICON_NAME = AppIcon;
				CODE_SIGN_STYLE = Automatic;
				INFOPLIST_FILE = BankApp/Info.plist;
				IPHONEOS_DEPLOYMENT_TARGET = 9.0;
				LD_RUNPATH_SEARCH_PATHS = (
					"$(inherited)",
					"@executable_path/Frameworks",
				);
				PRODUCT_BUNDLE_IDENTIFIER = com.everis.BankApp;
				PRODUCT_NAME = "$(TARGET_NAME)";
				SWIFT_VERSION = 5.0;
				TARGETED_DEVICE_FAMILY = "1,2";
			};
			name = Debug;
		};
		B827AFC92260D89D003514B6 /* Release */ = {
			isa = XCBuildConfiguration;
			baseConfigurationReference = D977040F290175D2A5745AD1 /* Pods-BankApp.release.xcconfig */;
			buildSettings = {
				ASSETCATALOG_COMPILER_APPICON_NAME = AppIcon;
				CODE_SIGN_STYLE = Automatic;
				INFOPLIST_FILE = BankApp/Info.plist;
				IPHONEOS_DEPLOYMENT_TARGET = 9.0;
				LD_RUNPATH_SEARCH_PATHS = (
					"$(inherited)",
					"@executable_path/Frameworks",
				);
				PRODUCT_BUNDLE_IDENTIFIER = com.everis.BankApp;
				PRODUCT_NAME = "$(TARGET_NAME)";
				SWIFT_VERSION = 5.0;
				TARGETED_DEVICE_FAMILY = "1,2";
			};
			name = Release;
		};
/* End XCBuildConfiguration section */

/* Begin XCConfigurationList section */
		B8086A76226608060019191D /* Build configuration list for PBXNativeTarget "BankAppTests" */ = {
			isa = XCConfigurationList;
			buildConfigurations = (
				B8086A74226608060019191D /* Debug */,
				B8086A75226608060019191D /* Release */,
			);
			defaultConfigurationIsVisible = 0;
			defaultConfigurationName = Release;
		};
		B827AFB02260D89C003514B6 /* Build configuration list for PBXProject "BankApp" */ = {
			isa = XCConfigurationList;
			buildConfigurations = (
				B827AFC52260D89D003514B6 /* Debug */,
				B827AFC62260D89D003514B6 /* Release */,
			);
			defaultConfigurationIsVisible = 0;
			defaultConfigurationName = Release;
		};
		B827AFC72260D89D003514B6 /* Build configuration list for PBXNativeTarget "BankApp" */ = {
			isa = XCConfigurationList;
			buildConfigurations = (
				B827AFC82260D89D003514B6 /* Debug */,
				B827AFC92260D89D003514B6 /* Release */,
			);
			defaultConfigurationIsVisible = 0;
			defaultConfigurationName = Release;
		};
/* End XCConfigurationList section */
	};
	rootObject = B827AFAD2260D89C003514B6 /* Project object */;
}
